<?xml version="1.0" encoding="UTF-8"?>
<CONFIG>
  <ProjectOptions>
    <Version Value="11"/>
    <General>
      <Flags>
        <MainUnitHasUsesSectionForAllUnits Value="False"/>
        <MainUnitHasCreateFormStatements Value="False"/>
        <MainUnitHasTitleStatement Value="False"/>
        <MainUnitHasScaledStatement Value="False"/>
      </Flags>
      <SessionStorage Value="InProjectDir"/>
      <MainUnit Value="0"/>
      <Title Value="Poupador"/>
      <UseAppBundle Value="False"/>
      <ResourceType Value="res"/>
      <Icon Value="0"/>
    </General>
    <BuildModes Count="1">
      <Item1 Name="Default" Default="True"/>
    </BuildModes>
    <PublishOptions>
      <Version Value="2"/>
    </PublishOptions>
    <RunParams>
      <FormatVersion Value="2"/>
      <Modes Count="1">
        <Mode0 Name="default"/>
      </Modes>
    </RunParams>
    <RequiredPackages Count="5">
      <Item1>
        <PackageName Value="MemDSLaz"/>
      </Item1>
      <Item2>
        <PackageName Value="zcomponent"/>
      </Item2>
      <Item3>
        <PackageName Value="FCL"/>
      </Item3>
      <Item4>
        <PackageName Value="frce"/>
      </Item4>
      <Item5>
        <PackageName Value="LCL"/>
      </Item5>
    </RequiredPackages>
    <Units Count="84">
      <Unit0>
        <Filename Value="Poupador.lpr"/>
        <IsPartOfProject Value="True"/>
      </Unit0>
      <Unit1>
        <Filename Value="Util/uClasses.pas"/>
        <IsPartOfProject Value="True"/>
      </Unit1>
      <Unit2>
        <Filename Value="Principal/unDmPrincipal.pas"/>
        <IsPartOfProject Value="True"/>
        <ComponentName Value="DmPrincipal"/>
        <HasResources Value="True"/>
        <ResourceBaseClass Value="DataModule"/>
      </Unit2>
      <Unit3>
        <Filename Value="Principal/unPrincipal.pas"/>
        <IsPartOfProject Value="True"/>
        <ComponentName Value="MainForm"/>
        <HasResources Value="True"/>
        <ResourceBaseClass Value="Form"/>
      </Unit3>
      <Unit4>
        <Filename Value="Padrao/ufmImprimeEtiq.pas"/>
        <IsPartOfProject Value="True"/>
        <ComponentName Value="fmImprimeEtiq"/>
        <HasResources Value="True"/>
        <ResourceBaseClass Value="Form"/>
      </Unit4>
      <Unit5>
        <Filename Value="Padrao/unDialogoRelatorioPadrao.pas"/>
        <IsPartOfProject Value="True"/>
        <ComponentName Value="frmDialogoRelatorioPadrao"/>
        <HasResources Value="True"/>
        <ResourceBaseClass Value="Form"/>
      </Unit5>
      <Unit6>
        <Filename Value="Padrao/unModeloConsulta.pas"/>
        <IsPartOfProject Value="True"/>
        <ComponentName Value="frmModeloConsulta"/>
        <HasResources Value="True"/>
        <ResourceBaseClass Value="Form"/>
      </Unit6>
      <Unit7>
        <Filename Value="Padrao/unModeloEnvelope.pas"/>
        <IsPartOfProject Value="True"/>
        <ComponentName Value="frmModeloEnvelope"/>
        <HasResources Value="True"/>
        <ResourceBaseClass Value="Form"/>
      </Unit7>
      <Unit8>
        <Filename Value="Padrao/unModeloRelatorio.pas"/>
        <IsPartOfProject Value="True"/>
        <ComponentName Value="frmModeloRelatorio"/>
        <HasResources Value="True"/>
        <ResourceBaseClass Value="Form"/>
      </Unit8>
      <Unit9>
        <Filename Value="Padrao/unPadrao.pas"/>
        <IsPartOfProject Value="True"/>
        <ComponentName Value="frmPadrao"/>
        <HasResources Value="True"/>
        <ResourceBaseClass Value="Form"/>
      </Unit9>
      <Unit10>
        <Filename Value="Padrao/unSimplePadrao.pas"/>
        <IsPartOfProject Value="True"/>
        <ComponentName Value="frmSimplePadrao"/>
        <HasResources Value="True"/>
        <ResourceBaseClass Value="Form"/>
      </Unit10>
      <Unit11>
        <Filename Value="Utilitarios/unAgenda.pas"/>
        <IsPartOfProject Value="True"/>
        <ComponentName Value="frmAgenda"/>
        <HasResources Value="True"/>
        <ResourceBaseClass Value="Form"/>
      </Unit11>
      <Unit12>
        <Filename Value="Utilitarios/unImprimeRecibo.pas"/>
        <IsPartOfProject Value="True"/>
        <ComponentName Value="frmImprimeRecibo"/>
        <HasResources Value="True"/>
        <ResourceBaseClass Value="Form"/>
      </Unit12>
      <Unit13>
        <Filename Value="Utilitarios/unPesqFone.pas"/>
        <IsPartOfProject Value="True"/>
        <ComponentName Value="frmPesqFone"/>
        <HasResources Value="True"/>
        <ResourceBaseClass Value="Form"/>
      </Unit13>
      <Unit14>
        <Filename Value="Utilitarios/Relatorios/Prev/unPrevRecibo.pas"/>
        <IsPartOfProject Value="True"/>
        <ComponentName Value="frmPrevRecibo"/>
        <HasResources Value="True"/>
        <ResourceBaseClass Value="Form"/>
      </Unit14>
      <Unit15>
        <Filename Value="Utilitarios/Relatorios/Prev/unPrevRelAgenda.pas"/>
        <IsPartOfProject Value="True"/>
        <ComponentName Value="frmPrevRelAgenda"/>
        <HasResources Value="True"/>
        <ResourceBaseClass Value="Form"/>
      </Unit15>
      <Unit16>
        <Filename Value="Utilitarios/Relatorios/unRelatorioAgenda.pas"/>
        <IsPartOfProject Value="True"/>
        <ComponentName Value="frmRelatorioAgenda"/>
        <HasResources Value="True"/>
        <ResourceBaseClass Value="Form"/>
      </Unit16>
      <Unit17>
        <Filename Value="Movimentos/unCaixa.pas"/>
        <IsPartOfProject Value="True"/>
        <ComponentName Value="frmCaixa"/>
        <HasResources Value="True"/>
        <ResourceBaseClass Value="Form"/>
      </Unit17>
      <Unit18>
        <Filename Value="Movimentos/unContasPagar.pas"/>
        <IsPartOfProject Value="True"/>
        <ComponentName Value="frmContasPagar"/>
        <HasResources Value="True"/>
        <ResourceBaseClass Value="Form"/>
      </Unit18>
      <Unit19>
        <Filename Value="Movimentos/unContasPagas.pas"/>
        <IsPartOfProject Value="True"/>
        <HasResources Value="True"/>
      </Unit19>
      <Unit20>
        <Filename Value="Movimentos/unContasReceber.pas"/>
        <IsPartOfProject Value="True"/>
        <ComponentName Value="frmContasReceber"/>
        <HasResources Value="True"/>
        <ResourceBaseClass Value="Form"/>
      </Unit20>
      <Unit21>
        <Filename Value="Movimentos/unContasRecebidas.pas"/>
        <IsPartOfProject Value="True"/>
        <HasResources Value="True"/>
      </Unit21>
      <Unit22>
        <Filename Value="Movimentos/unCP.pas"/>
        <IsPartOfProject Value="True"/>
        <ComponentName Value="frmCP"/>
        <HasResources Value="True"/>
        <ResourceBaseClass Value="Form"/>
      </Unit22>
      <Unit23>
        <Filename Value="Movimentos/unCR.pas"/>
        <IsPartOfProject Value="True"/>
        <ComponentName Value="frmCR"/>
        <HasResources Value="True"/>
        <ResourceBaseClass Value="Form"/>
      </Unit23>
      <Unit24>
        <Filename Value="Movimentos/unExclusaoCaixa.pas"/>
        <IsPartOfProject Value="True"/>
        <ComponentName Value="frmExclusaoCaixa"/>
        <HasResources Value="True"/>
        <ResourceBaseClass Value="Form"/>
      </Unit24>
      <Unit25>
        <Filename Value="Movimentos/unLancCaixa.pas"/>
        <IsPartOfProject Value="True"/>
        <HasResources Value="True"/>
      </Unit25>
      <Unit26>
        <Filename Value="Movimentos/unParcelaCPCR.pas"/>
        <IsPartOfProject Value="True"/>
        <ComponentName Value="frmParcelaCPCR"/>
        <HasResources Value="True"/>
        <ResourceBaseClass Value="Form"/>
      </Unit26>
      <Unit27>
        <Filename Value="Movimentos/Relatorios/Prev/unPrevCaixaTodos.pas"/>
        <IsPartOfProject Value="True"/>
        <ComponentName Value="frmPrevCaixaTodos"/>
        <HasResources Value="True"/>
        <ResourceBaseClass Value="Form"/>
      </Unit27>
      <Unit28>
        <Filename Value="Movimentos/Relatorios/Prev/unPrevContasClientes.pas"/>
        <IsPartOfProject Value="True"/>
        <HasResources Value="True"/>
      </Unit28>
      <Unit29>
        <Filename Value="Movimentos/Relatorios/Prev/unPrevContasPagar.pas"/>
        <IsPartOfProject Value="True"/>
        <HasResources Value="True"/>
      </Unit29>
      <Unit30>
        <Filename Value="Movimentos/Relatorios/Prev/unPrevContasReceber.pas"/>
        <IsPartOfProject Value="True"/>
        <HasResources Value="True"/>
      </Unit30>
      <Unit31>
        <Filename Value="Movimentos/Relatorios/Prev/unPrevCPAtrasados.pas"/>
        <IsPartOfProject Value="True"/>
        <HasResources Value="True"/>
      </Unit31>
      <Unit32>
        <Filename Value="Movimentos/Relatorios/Prev/unPrevRelCaixa.pas"/>
        <IsPartOfProject Value="True"/>
        <ComponentName Value="frmPrevRelCaixa"/>
        <HasResources Value="True"/>
        <ResourceBaseClass Value="Form"/>
      </Unit32>
      <Unit33>
        <Filename Value="Movimentos/Relatorios/Prev/unPrevRelCRAtrasadas.pas"/>
        <IsPartOfProject Value="True"/>
        <HasResources Value="True"/>
      </Unit33>
      <Unit34>
        <Filename Value="Movimentos/Relatorios/unRelatorioCaixaContaCaixa.pas"/>
        <IsPartOfProject Value="True"/>
        <ComponentName Value="frmRelatorioCaixaContaCaixa"/>
        <HasResources Value="True"/>
        <ResourceBaseClass Value="Form"/>
      </Unit34>
      <Unit35>
        <Filename Value="Movimentos/Relatorios/unRelatorioCaixaMensal.pas"/>
        <IsPartOfProject Value="True"/>
        <ComponentName Value="frmRelatorioCaixaMensal"/>
        <HasResources Value="True"/>
        <ResourceBaseClass Value="Form"/>
      </Unit35>
      <Unit36>
        <Filename Value="Movimentos/Relatorios/unRelatorioCPData.pas"/>
        <IsPartOfProject Value="True"/>
        <ComponentName Value="frmRelatorioCPData"/>
        <HasResources Value="True"/>
        <ResourceBaseClass Value="Form"/>
      </Unit36>
      <Unit37>
        <Filename Value="Movimentos/Relatorios/unRelatorioCPFornecedor.pas"/>
        <IsPartOfProject Value="True"/>
        <ComponentName Value="frmRelatorioCPFornecedor"/>
        <HasResources Value="True"/>
        <ResourceBaseClass Value="Form"/>
      </Unit37>
      <Unit38>
        <Filename Value="Movimentos/Relatorios/unRelatorioCRAtraso.pas"/>
        <IsPartOfProject Value="True"/>
        <ComponentName Value="frmRelatorioCRAtraso"/>
        <HasResources Value="True"/>
        <ResourceBaseClass Value="Form"/>
      </Unit38>
      <Unit39>
        <Filename Value="Movimentos/Relatorios/unRelatorioCRCliente.pas"/>
        <IsPartOfProject Value="True"/>
        <ComponentName Value="frmRelatorioCRCliente"/>
        <HasResources Value="True"/>
        <ResourceBaseClass Value="Form"/>
      </Unit39>
      <Unit40>
        <Filename Value="Movimentos/Relatorios/unRelatorioCRData.pas"/>
        <IsPartOfProject Value="True"/>
        <ComponentName Value="frmRelatorioCRData"/>
        <HasResources Value="True"/>
        <ResourceBaseClass Value="Form"/>
      </Unit40>
      <Unit41>
        <Filename Value="Movimentos/Relatorios/unRelatorioFluxoCaixa.pas"/>
        <IsPartOfProject Value="True"/>
        <ComponentName Value="frmRelatorioFluxoCaixa"/>
        <HasResources Value="True"/>
        <ResourceBaseClass Value="Form"/>
      </Unit41>
      <Unit42>
        <Filename Value="Configuracoes/ufmUsuarioItemMenu.pas"/>
        <IsPartOfProject Value="True"/>
        <ComponentName Value="frmUsuarioItemMenu"/>
        <HasResources Value="True"/>
        <ResourceBaseClass Value="Form"/>
      </Unit42>
      <Unit43>
        <Filename Value="Configuracoes/unBanco.pas"/>
        <IsPartOfProject Value="True"/>
        <ComponentName Value="frmBanco"/>
        <HasResources Value="True"/>
        <ResourceBaseClass Value="Form"/>
      </Unit43>
      <Unit44>
        <Filename Value="Configuracoes/unCadastroCaixa.pas"/>
        <IsPartOfProject Value="True"/>
        <ComponentName Value="frmCadastroCaixa"/>
        <HasResources Value="True"/>
        <ResourceBaseClass Value="Form"/>
      </Unit44>
      <Unit45>
        <Filename Value="Configuracoes/unCadastroCidade.pas"/>
        <IsPartOfProject Value="True"/>
        <ComponentName Value="frmCadastroCidade"/>
        <HasResources Value="True"/>
        <ResourceBaseClass Value="Form"/>
      </Unit45>
      <Unit46>
        <Filename Value="Configuracoes/unConfiguracao.pas"/>
        <IsPartOfProject Value="True"/>
        <ComponentName Value="frmConfiguracao"/>
        <HasResources Value="True"/>
        <ResourceBaseClass Value="Form"/>
      </Unit46>
      <Unit47>
        <Filename Value="Configuracoes/unDadosEmpresa.pas"/>
        <IsPartOfProject Value="True"/>
        <ComponentName Value="frmDadosEmpresa"/>
        <HasResources Value="True"/>
        <ResourceBaseClass Value="Form"/>
      </Unit47>
      <Unit48>
        <Filename Value="Configuracoes/unEtiqueta.pas"/>
        <IsPartOfProject Value="True"/>
        <ComponentName Value="frmEtiqueta"/>
        <HasResources Value="True"/>
        <ResourceBaseClass Value="Form"/>
      </Unit48>
      <Unit49>
        <Filename Value="Configuracoes/unTrocaSenhaCaixa.pas"/>
        <IsPartOfProject Value="True"/>
        <ComponentName Value="frmSenhaCaixa"/>
        <HasResources Value="True"/>
        <ResourceBaseClass Value="Form"/>
      </Unit49>
      <Unit50>
        <Filename Value="Comuns/unAcesso.pas"/>
        <IsPartOfProject Value="True"/>
        <ComponentName Value="frmAcesso"/>
        <HasResources Value="True"/>
        <ResourceBaseClass Value="Form"/>
      </Unit50>
      <Unit51>
        <Filename Value="Comuns/unFoto.pas"/>
        <IsPartOfProject Value="True"/>
        <ComponentName Value="frmFoto"/>
        <HasResources Value="True"/>
        <ResourceBaseClass Value="Form"/>
      </Unit51>
      <Unit52>
        <Filename Value="Comuns/unSelecionaCaixa.pas"/>
        <IsPartOfProject Value="True"/>
        <ComponentName Value="frmSelecionaCaixa"/>
        <HasResources Value="True"/>
        <ResourceBaseClass Value="Form"/>
      </Unit52>
      <Unit53>
        <Filename Value="Cadastros/unCliente.pas"/>
        <IsPartOfProject Value="True"/>
        <ComponentName Value="frmCliente"/>
        <HasResources Value="True"/>
        <ResourceBaseClass Value="Form"/>
      </Unit53>
      <Unit54>
        <Filename Value="Cadastros/unFornecedor.pas"/>
        <IsPartOfProject Value="True"/>
        <ComponentName Value="frmFornecedor"/>
        <HasResources Value="True"/>
        <ResourceBaseClass Value="Form"/>
      </Unit54>
      <Unit55>
        <Filename Value="Cadastros/Relatorios/Prev/unPrevClienteAniver.pas"/>
        <IsPartOfProject Value="True"/>
        <ComponentName Value="frmPrevClientesAniver"/>
        <HasResources Value="True"/>
        <ResourceBaseClass Value="Form"/>
      </Unit55>
      <Unit56>
        <Filename Value="Cadastros/Relatorios/Prev/unPrevEnvelopeClientes.pas"/>
        <IsPartOfProject Value="True"/>
        <HasResources Value="True"/>
      </Unit56>
      <Unit57>
        <Filename Value="Cadastros/Relatorios/Prev/unPrevEtiquetaCliente.pas"/>
        <IsPartOfProject Value="True"/>
        <HasResources Value="True"/>
      </Unit57>
      <Unit58>
        <Filename Value="Cadastros/Relatorios/Prev/unPrevListagemClientes.pas"/>
        <IsPartOfProject Value="True"/>
        <ComponentName Value="frmPrevListagemClientes"/>
        <HasResources Value="True"/>
        <ResourceBaseClass Value="Form"/>
      </Unit58>
      <Unit59>
        <Filename Value="Cadastros/Relatorios/Prev/unPrevRelFornData.pas"/>
        <IsPartOfProject Value="True"/>
        <ComponentName Value="frmPrevRelFornData"/>
        <HasResources Value="True"/>
        <ResourceBaseClass Value="Form"/>
      </Unit59>
      <Unit60>
        <Filename Value="Cadastros/Relatorios/unRelatorioAniversarioCliente.pas"/>
        <IsPartOfProject Value="True"/>
        <ComponentName Value="frmRelatorioAniversarioCliente"/>
        <HasResources Value="True"/>
        <ResourceBaseClass Value="Form"/>
      </Unit60>
      <Unit61>
        <Filename Value="Cadastros/Relatorios/unRelatorioClienteCidade.pas"/>
        <IsPartOfProject Value="True"/>
        <ComponentName Value="frmRelatorioClienteCidade"/>
        <HasResources Value="True"/>
        <ResourceBaseClass Value="Form"/>
      </Unit61>
      <Unit62>
        <Filename Value="Cadastros/Relatorios/unRelatorioClienteData.pas"/>
        <IsPartOfProject Value="True"/>
        <ComponentName Value="frmRelatorioClienteData"/>
        <HasResources Value="True"/>
        <ResourceBaseClass Value="Form"/>
      </Unit62>
      <Unit63>
        <Filename Value="Cadastros/Relatorios/unRelatorioEtiquetaCliente.pas"/>
        <IsPartOfProject Value="True"/>
        <ComponentName Value="frmRelatorioEtiquetaCliente"/>
        <HasResources Value="True"/>
        <ResourceBaseClass Value="Form"/>
      </Unit63>
      <Unit64>
        <Filename Value="Cadastros/Relatorios/unRelatorioFornecedorCidade.pas"/>
        <IsPartOfProject Value="True"/>
        <ComponentName Value="frmRelatorioFornecedorCidade"/>
        <HasResources Value="True"/>
        <ResourceBaseClass Value="Form"/>
      </Unit64>
      <Unit65>
        <Filename Value="Cadastros/Relatorios/unRelatorioFornecedorData.pas"/>
        <IsPartOfProject Value="True"/>
        <ComponentName Value="frmRelatorioFornecedorData"/>
        <HasResources Value="True"/>
        <ResourceBaseClass Value="Form"/>
      </Unit65>
      <Unit66>
        <Filename Value="Ajuda/unSobre.pas"/>
        <IsPartOfProject Value="True"/>
        <ComponentName Value="frmSobre"/>
        <HasResources Value="True"/>
        <ResourceBaseClass Value="Form"/>
      </Unit66>
      <Unit67>
        <Filename Value="Padrao/uDmPesquisar.pas"/>
        <IsPartOfProject Value="True"/>
        <ComponentName Value="DmPesquisar"/>
        <HasResources Value="True"/>
        <ResourceBaseClass Value="DataModule"/>
      </Unit67>
      <Unit68>
        <Filename Value="Padrao/udmGeralBase.pas"/>
        <IsPartOfProject Value="True"/>
        <ComponentName Value="dmGeralBase"/>
        <HasResources Value="True"/>
        <ResourceBaseClass Value="DataModule"/>
      </Unit68>
      <Unit69>
        <Filename Value="Comuns/Dm/udmAcesso.pas"/>
        <IsPartOfProject Value="True"/>
        <ComponentName Value="dmAcesso"/>
        <HasResources Value="True"/>
        <ResourceBaseClass Value="DataModule"/>
      </Unit69>
      <Unit70>
        <Filename Value="Padrao/udmBase.pas"/>
        <IsPartOfProject Value="True"/>
        <ComponentName Value="dmBase"/>
        <HasResources Value="True"/>
        <ResourceBaseClass Value="DataModule"/>
      </Unit70>
      <Unit71>
        <Filename Value="Util/uUtilFncs.pas"/>
        <IsPartOfProject Value="True"/>
      </Unit71>
      <Unit72>
        <Filename Value="Util/ConstPadrao.pas"/>
        <IsPartOfProject Value="True"/>
      </Unit72>
      <Unit73>
        <Filename Value="Util/Funcoes.pas"/>
        <IsPartOfProject Value="True"/>
      </Unit73>
      <Unit74>
        <Filename Value="Util/VarGlobal.pas"/>
        <IsPartOfProject Value="True"/>
      </Unit74>
      <Unit75>
        <Filename Value="Util/ImgUtils.pas"/>
        <IsPartOfProject Value="True"/>
      </Unit75>
      <Unit76>
        <Filename Value="Util/uDatabaseUtils.pas"/>
        <IsPartOfProject Value="True"/>
      </Unit76>
      <Unit77>
        <Filename Value="Util/crypto.pas"/>
        <IsPartOfProject Value="True"/>
      </Unit77>
      <Unit78>
        <Filename Value="Util/uConfiguraRelatorio.pas"/>
        <IsPartOfProject Value="True"/>
      </Unit78>
      <Unit79>
        <Filename Value="Util/Extensos.pas"/>
        <IsPartOfProject Value="True"/>
      </Unit79>
      <Unit80>
        <Filename Value="Cadastros/Datamodule/udmCliente.pas"/>
        <IsPartOfProject Value="True"/>
        <ComponentName Value="dmCliente"/>
        <HasResources Value="True"/>
        <ResourceBaseClass Value="DataModule"/>
      </Unit80>
      <Unit81>
        <Filename Value="repos/baserepo.pas"/>
        <IsPartOfProject Value="True"/>
        <UnitName Value="baseRepo"/>
      </Unit81>
      <Unit82>
        <Filename Value="models/basemodel.pas"/>
        <IsPartOfProject Value="True"/>
        <UnitName Value="baseModel"/>
      </Unit82>
      <Unit83>
        <Filename Value="Configuracoes/unperfil.pas"/>
        <IsPartOfProject Value="True"/>
        <ComponentName Value="frmPerfil"/>
        <HasResources Value="True"/>
        <ResourceBaseClass Value="Form"/>
        <UnitName Value="unPerfil"/>
      </Unit83>
    </Units>
  </ProjectOptions>
  <CompilerOptions>
    <Version Value="11"/>
    <SearchPaths>
      <IncludeFiles Value="Util;Principal;Padrao;Utilitarios;Utilitarios/Relatorios/Prev;Utilitarios/Relatorios;Sair;Movimentos;Movimentos/Relatorios/Prev;Movimentos/Relatorios;Configuracoes;Comuns;Cadastros;Cadastros/Relatorios/Prev;Cadastros/Relatorios;Ajuda;Comuns/Dm;Configuracoes/Relatorios;Cadastros/Datamodule;Utilitarios/Datamodule;Principal/Classes;$(ProjOutDir)"/>
      <OtherUnitFiles Value="Util;Principal;Padrao;Utilitarios;Utilitarios/Relatorios/Prev;Utilitarios/Relatorios;Movimentos;Movimentos/Relatorios/Prev;Movimentos/Relatorios;Configuracoes;Comuns;Cadastros;Cadastros/Relatorios/Prev;Cadastros/Relatorios;Ajuda;Comuns/Dm;Cadastros/Datamodule;repos;models"/>
      <UnitOutputDirectory Value="lib/$(TargetCPU)-$(TargetOS)"/>
    </SearchPaths>
    <Parsing>
      <SyntaxOptions>
        <SyntaxMode Value="Delphi"/>
      </SyntaxOptions>
    </Parsing>
    <Linking>
      <Options>
        <Win32>
          <GraphicApplication Value="True"/>
        </Win32>
      </Options>
    </Linking>
  </CompilerOptions>
  <Debugging>
    <Exceptions Count="3">
      <Item1>
        <Name Value="EAbort"/>
      </Item1>
      <Item2>
        <Name Value="ECodetoolError"/>
      </Item2>
      <Item3>
        <Name Value="EFOpenError"/>
      </Item3>
    </Exceptions>
  </Debugging>
</CONFIG>
