<Project xmlns="http://schemas.microsoft.com/developer/msbuild/2003">
    <PropertyGroup>
        <ProjectGuid>{A9DB4AF5-6A60-4954-9993-53A0B499E01B}</ProjectGuid>
        <ProjectVersion>15.1</ProjectVersion>
        <FrameworkType>VCL</FrameworkType>
        <MainSource>WSCD.dpr</MainSource>
        <Base>True</Base>
        <Config Condition="'$(Config)'==''">Debug</Config>
        <Platform Condition="'$(Platform)'==''">Win32</Platform>
        <TargetedPlatforms>3</TargetedPlatforms>
        <AppType>Application</AppType>
    </PropertyGroup>
    <PropertyGroup Condition="'$(Config)'=='Base' or '$(Base)'!=''">
        <Base>true</Base>
    </PropertyGroup>
    <PropertyGroup Condition="('$(Platform)'=='Win32' and '$(Base)'=='true') or '$(Base_Win32)'!=''">
        <Base_Win32>true</Base_Win32>
        <CfgParent>Base</CfgParent>
        <Base>true</Base>
    </PropertyGroup>
    <PropertyGroup Condition="('$(Platform)'=='Win64' and '$(Base)'=='true') or '$(Base_Win64)'!=''">
        <Base_Win64>true</Base_Win64>
        <CfgParent>Base</CfgParent>
        <Base>true</Base>
    </PropertyGroup>
    <PropertyGroup Condition="'$(Config)'=='Debug' or '$(Cfg_1)'!=''">
        <Cfg_1>true</Cfg_1>
        <CfgParent>Base</CfgParent>
        <Base>true</Base>
    </PropertyGroup>
    <PropertyGroup Condition="('$(Platform)'=='Win32' and '$(Cfg_1)'=='true') or '$(Cfg_1_Win32)'!=''">
        <Cfg_1_Win32>true</Cfg_1_Win32>
        <CfgParent>Cfg_1</CfgParent>
        <Cfg_1>true</Cfg_1>
        <Base>true</Base>
    </PropertyGroup>
    <PropertyGroup Condition="'$(Config)'=='Release' or '$(Cfg_2)'!=''">
        <Cfg_2>true</Cfg_2>
        <CfgParent>Base</CfgParent>
        <Base>true</Base>
    </PropertyGroup>
    <PropertyGroup Condition="'$(Base)'!=''">
        <DCC_UnitSearchPath>D:\ProjetosDelphi\Util\Helper;D:\ProjetosDelphi\Util\Externo\OTL;D:\ProjetosDelphi\Util\Externo\OTL\src;$(DCC_UnitSearchPath)</DCC_UnitSearchPath>
        <VerInfo_Keys>CompanyName=;FileDescription=;FileVersion=1.0.0.0;InternalName=;LegalCopyright=;LegalTrademarks=;OriginalFilename=;ProductName=;ProductVersion=1.0.0.0;Comments=</VerInfo_Keys>
        <VerInfo_Locale>1046</VerInfo_Locale>
        <DCC_Define>DELPHI;VCL;$(DCC_Define)</DCC_Define>
        <Manifest_File>$(BDS)\bin\default_app.manifest</Manifest_File>
        <Icon_MainIcon>$(BDS)\bin\delphi_PROJECTICON.ico</Icon_MainIcon>
        <DCC_Namespace>System;Xml;Data;Datasnap;Web;Soap;Vcl;Vcl.Imaging;Vcl.Touch;Vcl.Samples;Vcl.Shell;$(DCC_Namespace)</DCC_Namespace>
        <DCC_DcuOutput>.\$(Platform)\$(Config)</DCC_DcuOutput>
        <DCC_ExeOutput>.\$(Platform)\$(Config)</DCC_ExeOutput>
        <DCC_E>false</DCC_E>
        <DCC_N>false</DCC_N>
        <DCC_S>false</DCC_S>
        <DCC_F>false</DCC_F>
        <DCC_K>false</DCC_K>
    </PropertyGroup>
    <PropertyGroup Condition="'$(Base_Win32)'!=''">
        <VerInfo_IncludeVerInfo>true</VerInfo_IncludeVerInfo>
        <Manifest_File>$(BDS)\bin\default_app.manifest</Manifest_File>
        <DCC_Namespace>Winapi;System.Win;Data.Win;Datasnap.Win;Web.Win;Soap.Win;Xml.Win;Bde;$(DCC_Namespace)</DCC_Namespace>
        <DCC_UsePackage>AnyDAC_PhysDb2_D18;AnyDAC_PhysADS_D18;mcmImaging18;AnyDAC_PhysODBC_D18;AnyDAC_GUIxForms_D18;DBXSqliteDriver;frxDB18;gtPDFkitDXE4ProP;AnyDAC_ComI_D18;UIBD18Win32R;AnyDAC_PhysTDBX_D18;fmx;mcmImagingDB18;IndySystem;frx18;TeeDB;AnyDAC_PhysIB_D18;inetdbbde;DBXInterBaseDriver;DataSnapClient;DataSnapCommon;DataSnapServer;DataSnapProviderClient;DBXSybaseASEDriver;DbxCommonDriver;vclimg;dbxcds;DatasnapConnectorsFreePascal;MetropolisUILiveTile;vcldb;vcldsnap;AnyDAC_PhysMSAcc_D18;DBXDb2Driver;mcmTwn18;DBXOracleDriver;CustomIPTransport;vclribbon;dsnap;IndyIPServer;AnyDAC_PhysPg_D18;fmxase;vcl;IndyCore;IndyIPCommon;CloudService;DBXMSSQLDriver;FmxTeeUI;CodeSiteExpressPkg;AnyDAC_PhysMSSQL_D18;AnyDAC_PhysOracle_D18;inetdbxpress;webdsnap;AnyDAC_PhysMySQL_D18;adortl;AnyDAC_Phys_D18;mcmOCR18;AnyDAC_Comp_D18;bindcompfmx;vcldbx;rtl;dbrtl;DbxClientDriver;bindcomp;inetdb;Tee;DBXOdbcDriver;xmlrtl;svnui;mcmInte18;frxe18;DBXMySQLDriver;IndyProtocols;bindengine;vclactnband;soaprtl;bindcompdbx;FMXTee;TeeUI;bindcompvcl;vclie;vcltouch;AnyDAC_PhysASA_D18;PngComponents;VclSmp;DBXInformixDriver;PLToolsDXE4;Intraweb;DataSnapConnectors;dsnapcon;DBXFirebirdDriver;AnyDAC_PhysSQLITE_D18;inet;fmxobj;vclx;svn;DBXSybaseASADriver;fmxdae;bdertl;dbexpress;DataSnapIndy10ServerTransport;IndyIPClient;$(DCC_UsePackage)</DCC_UsePackage>
        <VerInfo_Keys>CompanyName=;FileDescription=;FileVersion=1.0.0.0;InternalName=;LegalCopyright=;LegalTrademarks=;OriginalFilename=;ProductName=;ProductVersion=1.0.0.0;Comments=</VerInfo_Keys>
        <VerInfo_Locale>1033</VerInfo_Locale>
    </PropertyGroup>
    <PropertyGroup Condition="'$(Base_Win64)'!=''">
        <VerInfo_Locale>1033</VerInfo_Locale>
        <VerInfo_IncludeVerInfo>true</VerInfo_IncludeVerInfo>
        <DCC_Namespace>Winapi;System.Win;Data.Win;Datasnap.Win;Web.Win;Soap.Win;Xml.Win;$(DCC_Namespace)</DCC_Namespace>
        <Manifest_File>$(BDS)\bin\default_app.manifest</Manifest_File>
        <DCC_UsePackage>AnyDAC_PhysDb2_D18;AnyDAC_PhysADS_D18;AnyDAC_PhysODBC_D18;AnyDAC_GUIxForms_D18;DBXSqliteDriver;AnyDAC_ComI_D18;AnyDAC_PhysTDBX_D18;fmx;IndySystem;TeeDB;AnyDAC_PhysIB_D18;DBXInterBaseDriver;DataSnapClient;DataSnapCommon;DataSnapServer;DataSnapProviderClient;DBXSybaseASEDriver;DbxCommonDriver;vclimg;dbxcds;DatasnapConnectorsFreePascal;MetropolisUILiveTile;vcldb;vcldsnap;AnyDAC_PhysMSAcc_D18;DBXDb2Driver;DBXOracleDriver;CustomIPTransport;vclribbon;dsnap;IndyIPServer;AnyDAC_PhysPg_D18;fmxase;vcl;IndyCore;IndyIPCommon;CloudService;DBXMSSQLDriver;FmxTeeUI;AnyDAC_PhysMSSQL_D18;AnyDAC_PhysOracle_D18;inetdbxpress;webdsnap;AnyDAC_PhysMySQL_D18;adortl;AnyDAC_Phys_D18;AnyDAC_Comp_D18;bindcompfmx;rtl;dbrtl;DbxClientDriver;bindcomp;inetdb;Tee;DBXOdbcDriver;xmlrtl;DBXMySQLDriver;IndyProtocols;bindengine;vclactnband;soaprtl;bindcompdbx;FMXTee;TeeUI;bindcompvcl;vclie;vcltouch;AnyDAC_PhysASA_D18;PngComponents;VclSmp;DBXInformixDriver;Intraweb;DataSnapConnectors;dsnapcon;DBXFirebirdDriver;AnyDAC_PhysSQLITE_D18;inet;fmxobj;vclx;DBXSybaseASADriver;fmxdae;dbexpress;DataSnapIndy10ServerTransport;IndyIPClient;$(DCC_UsePackage)</DCC_UsePackage>
    </PropertyGroup>
    <PropertyGroup Condition="'$(Cfg_1)'!=''">
        <DCC_Define>DEBUG;$(DCC_Define)</DCC_Define>
        <DCC_DebugDCUs>true</DCC_DebugDCUs>
        <DCC_Optimize>false</DCC_Optimize>
        <DCC_GenerateStackFrames>true</DCC_GenerateStackFrames>
        <DCC_DebugInfoInExe>true</DCC_DebugInfoInExe>
        <DCC_RemoteDebug>true</DCC_RemoteDebug>
    </PropertyGroup>
    <PropertyGroup Condition="'$(Cfg_1_Win32)'!=''">
        <VerInfo_IncludeVerInfo>true</VerInfo_IncludeVerInfo>
        <VerInfo_Locale>1033</VerInfo_Locale>
        <DCC_RemoteDebug>false</DCC_RemoteDebug>
    </PropertyGroup>
    <PropertyGroup Condition="'$(Cfg_2)'!=''">
        <DCC_LocalDebugSymbols>false</DCC_LocalDebugSymbols>
        <DCC_Define>RELEASE;$(DCC_Define)</DCC_Define>
        <DCC_SymbolReferenceInfo>0</DCC_SymbolReferenceInfo>
        <DCC_DebugInformation>0</DCC_DebugInformation>
    </PropertyGroup>
    <ItemGroup>
        <DelphiCompile Include="$(MainSource)">
            <MainSource>MainSource</MainSource>
        </DelphiCompile>
        <DCCReference Include="..\Util\ClassesGerador.pas"/>
        <DCCReference Include="..\Util\ConstPadrao.pas"/>
        <DCCReference Include="..\Util\Extensos.pas"/>
        <DCCReference Include="..\Util\Funcoes.pas"/>
        <DCCReference Include="..\Util\FuncoesWin.pas"/>
        <DCCReference Include="..\Util\HDFunc.pas"/>
        <DCCReference Include="..\Util\uBackupRestore.pas"/>
        <DCCReference Include="..\Util\uCheque.pas"/>
        <DCCReference Include="..\Util\uClassMenu.pas"/>
        <DCCReference Include="..\Util\uConfiguraRelatorio.pas"/>
        <DCCReference Include="..\Util\uSysTray.pas"/>
        <DCCReference Include="..\Util\Validacao.pas"/>
        <DCCReference Include="..\Util\VarGlobal.pas"/>
        <DCCReference Include="..\Util\Classes\DBXUtils.pas"/>
        <DCCReference Include="..\Util\Classes\MD5.pas"/>
        <DCCReference Include="..\Util\Classes\uApplyClassProxyJson.pas"/>
        <DCCReference Include="..\Util\Classes\uConfiguracao.pas"/>
        <DCCReference Include="..\Util\Classes\uConverters.pas"/>
        <DCCReference Include="..\Util\Classes\uDatabaseEvents.pas"/>
        <DCCReference Include="..\Util\Classes\uDatabaseUtils.pas"/>
        <DCCReference Include="..\Util\Classes\uDBXConnectionParams.pas"/>
        <DCCReference Include="..\Util\Classes\uDebugHelper.pas"/>
        <DCCReference Include="..\Util\Classes\uDialogs.pas"/>
        <DCCReference Include="..\Util\Classes\uFirebirdBackup.pas"/>
        <DCCReference Include="..\Util\Classes\uFirebirdMetadata.pas"/>
        <DCCReference Include="..\Util\Classes\uJSONArrayCds.pas"/>
        <DCCReference Include="..\Util\Classes\uJSONBaseObject.pas"/>
        <DCCReference Include="..\Util\Classes\uListRegisteredClasses.pas"/>
        <DCCReference Include="..\Util\Classes\uNetWorkList.pas"/>
        <DCCReference Include="..\Util\Classes\uStringUtils.pas"/>
        <DCCReference Include="Util\uClasses.pas"/>
        <DCCReference Include="Util\uNotifyEventDispatcher.pas"/>
        <DCCReference Include="Principal\unDmPrincipal.pas">
            <Form>DmPrincipal</Form>
            <DesignClass>TDataModule</DesignClass>
        </DCCReference>
        <DCCReference Include="Principal\unPrincipal.pas">
            <Form>frmPrincipal</Form>
        </DCCReference>
        <DCCReference Include="Padrao\ufmImprimeEtiq.pas">
            <Form>frmImprimeEtiq</Form>
        </DCCReference>
        <DCCReference Include="Padrao\unDialogoRelatorioPadrao.pas">
            <Form>frmDialogoRelatorioPadrao</Form>
        </DCCReference>
        <DCCReference Include="Padrao\unExecutaScript.pas">
            <Form>frmExecutaScript</Form>
        </DCCReference>
        <DCCReference Include="Padrao\unFiltroSimples.pas">
            <Form>frmFiltroSimples</Form>
        </DCCReference>
        <DCCReference Include="Padrao\unGeraRelatorio.pas">
            <Form>frmGeraRelatorio</Form>
        </DCCReference>
        <DCCReference Include="Padrao\unModeloConsulta.pas">
            <Form>frmModeloConsulta</Form>
        </DCCReference>
        <DCCReference Include="Padrao\unModeloEnvelope.pas">
            <Form>frmModeloEnvelope</Form>
        </DCCReference>
        <DCCReference Include="Padrao\unModeloRelatorio.pas">
            <Form>frmModeloRelatorio</Form>
        </DCCReference>
        <DCCReference Include="Padrao\unOrdenarDados.pas">
            <Form>frmOrdenarDados</Form>
        </DCCReference>
        <DCCReference Include="Padrao\unPadrao.pas">
            <Form>frmPadrao</Form>
        </DCCReference>
        <DCCReference Include="Padrao\unSimplePadrao.pas">
            <Form>frmSimplePadrao</Form>
        </DCCReference>
        <DCCReference Include="Utilitarios\unAgenda.pas">
            <Form>frmAgenda</Form>
        </DCCReference>
        <DCCReference Include="Utilitarios\unBackup.pas">
            <Form>frmBackup</Form>
        </DCCReference>
        <DCCReference Include="Utilitarios\unCalendario.pas">
            <Form>frmCalendario</Form>
        </DCCReference>
        <DCCReference Include="Utilitarios\unConfiguraDuplicata.pas">
            <Form>frmConfiguraDuplicata</Form>
        </DCCReference>
        <DCCReference Include="Utilitarios\unDuplicatas.pas">
            <Form>frmDuplicatas</Form>
        </DCCReference>
        <DCCReference Include="Utilitarios\unEnvelopes.pas">
            <Form>frmEnvelopes</Form>
        </DCCReference>
        <DCCReference Include="Utilitarios\unImprimeRecibo.pas">
            <Form>frmImprimeRecibo</Form>
        </DCCReference>
        <DCCReference Include="Utilitarios\unPesqFone.pas">
            <Form>frmPesqFone</Form>
        </DCCReference>
        <DCCReference Include="Utilitarios\unPromissoria.pas">
            <Form>frmPromissoria</Form>
        </DCCReference>
        <DCCReference Include="Utilitarios\unRecibo.pas">
            <Form>frmRecibo</Form>
        </DCCReference>
        <DCCReference Include="Utilitarios\unRepararIndice.pas">
            <Form>frmRepararIndice</Form>
        </DCCReference>
        <DCCReference Include="Utilitarios\unRestore.pas">
            <Form>frmRestore</Form>
        </DCCReference>
        <DCCReference Include="Utilitarios\unVisualizarDados.pas">
            <Form>frmVisualizarDados</Form>
        </DCCReference>
        <DCCReference Include="Utilitarios\Relatorios\Prev\unPrevDuplicata.pas">
            <Form>frmPrevDuplicata</Form>
        </DCCReference>
        <DCCReference Include="Utilitarios\Relatorios\Prev\unPrevDuplicataSemForm.pas">
            <Form>frmPrevDuplicataSemForm</Form>
        </DCCReference>
        <DCCReference Include="Utilitarios\Relatorios\Prev\unPrevEnvelPerson.pas">
            <Form>frmPrevEnvelPerson</Form>
        </DCCReference>
        <DCCReference Include="Utilitarios\Relatorios\Prev\unPrevPromissoria.pas">
            <Form>frmPrevPromissoria</Form>
        </DCCReference>
        <DCCReference Include="Utilitarios\Relatorios\Prev\unPrevRecibo.pas">
            <Form>frmPrevRecibo</Form>
        </DCCReference>
        <DCCReference Include="Utilitarios\Relatorios\Prev\unPrevRelAgenda.pas">
            <Form>frmPrevRelAgenda</Form>
        </DCCReference>
        <DCCReference Include="Utilitarios\Relatorios\unRelatorioAgenda.pas">
            <Form>frmRelatorioAgenda</Form>
        </DCCReference>
        <DCCReference Include="Sair\unTrocaSenha.pas">
            <Form>frmTrocaSenha</Form>
        </DCCReference>
        <DCCReference Include="Movimentos\unBaixaCheque.pas">
            <Form>frmBaixaCheque</Form>
        </DCCReference>
        <DCCReference Include="Movimentos\unCaixa.pas">
            <Form>frmCaixa</Form>
        </DCCReference>
        <DCCReference Include="Movimentos\unCheque.pas">
            <Form>frmCheque</Form>
        </DCCReference>
        <DCCReference Include="Movimentos\unCompNConc.pas">
            <Form>frmCompNaoConc</Form>
        </DCCReference>
        <DCCReference Include="Movimentos\unContasPagar.pas">
            <Form>frmContasPagar</Form>
        </DCCReference>
        <DCCReference Include="Movimentos\unContasPagas.pas">
            <Form>frmContasPagas</Form>
        </DCCReference>
        <DCCReference Include="Movimentos\unContasReceber.pas">
            <Form>frmContasReceber</Form>
        </DCCReference>
        <DCCReference Include="Movimentos\unContasRecebidas.pas">
            <Form>frmContasRecebidas</Form>
        </DCCReference>
        <DCCReference Include="Movimentos\unCP.pas">
            <Form>frmCP</Form>
        </DCCReference>
        <DCCReference Include="Movimentos\unCR.pas">
            <Form>frmCR</Form>
        </DCCReference>
        <DCCReference Include="Movimentos\unDesmarcar.pas">
            <Form>frmDesmarcar</Form>
        </DCCReference>
        <DCCReference Include="Movimentos\unEtiquetaProduto.pas">
            <Form>frmEtiquetaProduto</Form>
        </DCCReference>
        <DCCReference Include="Movimentos\unExclusaoCaixa.pas">
            <Form>frmExclusaoCaixa</Form>
        </DCCReference>
        <DCCReference Include="Movimentos\unExclusaoProduto.pas">
            <Form>frmExclusaoProduto</Form>
        </DCCReference>
        <DCCReference Include="Movimentos\unImportaOrcam.pas">
            <Form>frmImportaOrcam</Form>
        </DCCReference>
        <DCCReference Include="Movimentos\unLancCaixa.pas">
            <Form>frmLancCaixa</Form>
        </DCCReference>
        <DCCReference Include="Movimentos\unListagemPrecos.pas">
            <Form>frmListagemPrecos</Form>
        </DCCReference>
        <DCCReference Include="Movimentos\unNotasFiscais.pas">
            <Form>frmNotasFiscais</Form>
        </DCCReference>
        <DCCReference Include="Movimentos\unOrcamentos.pas">
            <Form>frmOrcamentos</Form>
        </DCCReference>
        <DCCReference Include="Movimentos\unPagamentoCheque.pas">
            <Form>frmPagamentoCheque</Form>
        </DCCReference>
        <DCCReference Include="Movimentos\unPagamentoCompra.pas">
            <Form>frmPagamentoCompra</Form>
        </DCCReference>
        <DCCReference Include="Movimentos\unPagamentoVenda.pas">
            <Form>frmPagamentoVenda</Form>
        </DCCReference>
        <DCCReference Include="Movimentos\unPagarMan.pas">
            <Form>frmPagarMan</Form>
        </DCCReference>
        <DCCReference Include="Movimentos\unParcelaCompra.pas">
            <Form>frmParcelaCompra</Form>
        </DCCReference>
        <DCCReference Include="Movimentos\unParcelaCPCR.pas">
            <Form>frmParcelaCPCR</Form>
        </DCCReference>
        <DCCReference Include="Movimentos\unParcelaVenda.pas">
            <Form>frmParcelaVenda</Form>
        </DCCReference>
        <DCCReference Include="Movimentos\unPerda.pas">
            <Form>frmPerda</Form>
        </DCCReference>
        <DCCReference Include="Movimentos\unProEstoqueMinimo.pas">
            <Form>frmProEstoqueMinimo</Form>
        </DCCReference>
        <DCCReference Include="Movimentos\unPromocao.pas">
            <Form>frmPromocao</Form>
        </DCCReference>
        <DCCReference Include="Movimentos\unReceberMan.pas">
            <Form>frmReceberMan</Form>
        </DCCReference>
        <DCCReference Include="Movimentos\unSituacaoCliente.pas">
            <Form>frmSituacaoCliente</Form>
        </DCCReference>
        <DCCReference Include="Movimentos\unVendaNaoConc.pas">
            <Form>frmVendaNaoConc</Form>
        </DCCReference>
        <DCCReference Include="Movimentos\unVendas.pas">
            <Form>frmVendas</Form>
        </DCCReference>
        <DCCReference Include="Movimentos\Relatorios\Prev\unPrevCaixaTodos.pas">
            <Form>frmPrevCaixaTodos</Form>
        </DCCReference>
        <DCCReference Include="Movimentos\Relatorios\Prev\unPrevCheque.pas">
            <Form>frmPrevCheque</Form>
        </DCCReference>
        <DCCReference Include="Movimentos\Relatorios\Prev\unPrevComissaoVenda.pas">
            <Form>frmPrevComissaoVenda</Form>
        </DCCReference>
        <DCCReference Include="Movimentos\Relatorios\Prev\unPrevCompras.pas">
            <Form>frmPrevCompras</Form>
        </DCCReference>
        <DCCReference Include="Movimentos\Relatorios\Prev\unPrevContasClientes.pas">
            <Form>frmPrevContasClientes</Form>
        </DCCReference>
        <DCCReference Include="Movimentos\Relatorios\Prev\unPrevContasPagar.pas">
            <Form>frmPrevContasPagar</Form>
        </DCCReference>
        <DCCReference Include="Movimentos\Relatorios\Prev\unPrevContasReceber.pas">
            <Form>frmPrevContasReceber</Form>
        </DCCReference>
        <DCCReference Include="Movimentos\Relatorios\Prev\unPrevCPAtrasados.pas">
            <Form>frmRelatorioCPAtrasados</Form>
        </DCCReference>
        <DCCReference Include="Movimentos\Relatorios\Prev\unPrevListaFaturamento.pas">
            <Form>frmPrevListaFaturamento</Form>
        </DCCReference>
        <DCCReference Include="Movimentos\Relatorios\Prev\unPrevNotaProm.pas">
            <Form>frmPrevNotaProm</Form>
        </DCCReference>
        <DCCReference Include="Movimentos\Relatorios\Prev\unPrevNotaVenda.pas">
            <Form>frmPrevNotaVenda</Form>
        </DCCReference>
        <DCCReference Include="Movimentos\Relatorios\Prev\unPrevNotaVendaMatric.pas">
            <Form>frmPrevNotaVendaMatric</Form>
        </DCCReference>
        <DCCReference Include="Movimentos\Relatorios\Prev\unPrevOrcammento.pas">
            <Form>frmPrevOrcamento</Form>
        </DCCReference>
        <DCCReference Include="Movimentos\Relatorios\Prev\unPrevPerda.pas">
            <Form>frmPrevPerda</Form>
        </DCCReference>
        <DCCReference Include="Movimentos\Relatorios\Prev\unPrevPromocao.pas">
            <Form>frmPrevPromocao</Form>
        </DCCReference>
        <DCCReference Include="Movimentos\Relatorios\Prev\unPrevRelCaixa.pas">
            <Form>frmPrevRelCaixa</Form>
        </DCCReference>
        <DCCReference Include="Movimentos\Relatorios\Prev\unPrevRelCRAtrasadas.pas">
            <Form>frmPrevRelCRAtrasadas</Form>
        </DCCReference>
        <DCCReference Include="Movimentos\Relatorios\Prev\unPrevVendas.pas">
            <Form>frmPrevVendas</Form>
        </DCCReference>
        <DCCReference Include="Movimentos\Relatorios\unRelatorioBobinaOrcam.pas">
            <Form>frmRelatorioBobinaOrcam</Form>
        </DCCReference>
        <DCCReference Include="Movimentos\Relatorios\unRelatorioBobinaVenda.pas">
            <Form>frmRelatorioBobinaVenda</Form>
        </DCCReference>
        <DCCReference Include="Movimentos\Relatorios\unRelatorioCaixaContaCaixa.pas">
            <Form>frmRelatorioCaixaContaCaixa</Form>
        </DCCReference>
        <DCCReference Include="Movimentos\Relatorios\unRelatorioCaixaMensal.pas">
            <Form>frmRelatorioCaixaMensal</Form>
        </DCCReference>
        <DCCReference Include="Movimentos\Relatorios\unRelatorioComissaoVenda.pas">
            <Form>frmRelatorioComissaoVenda</Form>
        </DCCReference>
        <DCCReference Include="Movimentos\Relatorios\unRelatorioCompraData.pas">
            <Form>frmRelatorioCompraData</Form>
        </DCCReference>
        <DCCReference Include="Movimentos\Relatorios\unRelatorioCompraFornecedor.pas">
            <Form>frmRelatorioCompraFornecedor</Form>
        </DCCReference>
        <DCCReference Include="Movimentos\Relatorios\unRelatorioCPData.pas">
            <Form>frmRelatorioCPData</Form>
        </DCCReference>
        <DCCReference Include="Movimentos\Relatorios\unRelatorioCPFornecedor.pas">
            <Form>frmRelatorioCPFornecedor</Form>
        </DCCReference>
        <DCCReference Include="Movimentos\Relatorios\unRelatorioCRAtraso.pas">
            <Form>frmRelatorioCRAtraso</Form>
        </DCCReference>
        <DCCReference Include="Movimentos\Relatorios\unRelatorioCRCliente.pas">
            <Form>frmRelatorioCRCliente</Form>
        </DCCReference>
        <DCCReference Include="Movimentos\Relatorios\unRelatorioCRData.pas">
            <Form>frmRelatorioCRData</Form>
        </DCCReference>
        <DCCReference Include="Movimentos\Relatorios\unRelatorioFaturamento.pas">
            <Form>frmRelatorioFaturamento</Form>
        </DCCReference>
        <DCCReference Include="Movimentos\Relatorios\unRelatorioFluxoCaixa.pas">
            <Form>frmRelatorioFluxoCaixa</Form>
        </DCCReference>
        <DCCReference Include="Movimentos\Relatorios\unRelatorioOrcamentoData.pas">
            <Form>frmRelatorioOrcamentoData</Form>
        </DCCReference>
        <DCCReference Include="Movimentos\Relatorios\unRelatorioVendaCliente.pas">
            <Form>frmRelatorioVendaCliente</Form>
        </DCCReference>
        <DCCReference Include="Configuracoes\ufmUsuarioItemMenu.pas">
            <Form>frmUsuarioItemMenu</Form>
        </DCCReference>
        <DCCReference Include="Configuracoes\unAliquota.pas">
            <Form>frmAliquota</Form>
        </DCCReference>
        <DCCReference Include="Configuracoes\unBanco.pas">
            <Form>frmBanco</Form>
        </DCCReference>
        <DCCReference Include="Configuracoes\unCadastroCaixa.pas">
            <Form>frmCadastroCaixa</Form>
        </DCCReference>
        <DCCReference Include="Configuracoes\unCadastroCFOP.pas">
            <Form>frmCadastroCFOP</Form>
        </DCCReference>
        <DCCReference Include="Configuracoes\unCadastroCidade.pas">
            <Form>frmCadastroCidade</Form>
        </DCCReference>
        <DCCReference Include="Configuracoes\unCadastroGrupo.pas">
            <Form>frmCadastroGrupo</Form>
        </DCCReference>
        <DCCReference Include="Configuracoes\unCadastroUnidade.pas">
            <Form>frmCadastroUnidade</Form>
        </DCCReference>
        <DCCReference Include="Configuracoes\unConfigNota.pas">
            <Form>frmConfigNota</Form>
        </DCCReference>
        <DCCReference Include="Configuracoes\unConfigNotaMan.pas">
            <Form>frmConfigNotaMan</Form>
        </DCCReference>
        <DCCReference Include="Configuracoes\unConfiguracao.pas">
            <Form>frmConfiguracao</Form>
        </DCCReference>
        <DCCReference Include="Configuracoes\unConfiguracaoGlobal.pas">
            <Form>frmConfigGlobal</Form>
        </DCCReference>
        <DCCReference Include="Configuracoes\unDadosEmpresa.pas">
            <Form>frmDadosEmpresa</Form>
        </DCCReference>
        <DCCReference Include="Configuracoes\unEtiqueta.pas">
            <Form>frmEtiqueta</Form>
        </DCCReference>
        <DCCReference Include="Configuracoes\unPerfilPermissao.pas">
            <Form>frmPerfilPermissao</Form>
        </DCCReference>
        <DCCReference Include="Configuracoes\unTrocaSenhaCaixa.pas">
            <Form>frmSenhaCaixa</Form>
        </DCCReference>
        <DCCReference Include="Configuracoes\unTrocaSenhaEstoque.pas">
            <Form>frmSenhaEstoque</Form>
        </DCCReference>
        <DCCReference Include="Configuracoes\unVendedor.pas">
            <Form>frmVendedor</Form>
        </DCCReference>
        <DCCReference Include="Comuns\unAcesso.pas">
            <Form>frmAcesso</Form>
        </DCCReference>
        <DCCReference Include="Comuns\unAguarde.pas">
            <Form>frmAguarde</Form>
        </DCCReference>
        <DCCReference Include="Comuns\unCommandoSQL.pas">
            <Form>frmCommandoSQL</Form>
        </DCCReference>
        <DCCReference Include="Comuns\unConsultaLogErro.pas">
            <Form>frmConsultaLogErro</Form>
        </DCCReference>
        <DCCReference Include="Comuns\unFoto.pas">
            <Form>frmFoto</Form>
        </DCCReference>
        <DCCReference Include="Comuns\unInfoAvisos.pas">
            <Form>frmInfoAvisos</Form>
        </DCCReference>
        <DCCReference Include="Comuns\unInformacaoSistema.pas">
            <Form>frmInformacaoSistema</Form>
        </DCCReference>
        <DCCReference Include="Comuns\unMsgChaveLiberacao.pas">
            <Form>frmMsgChaveLiberacao</Form>
        </DCCReference>
        <DCCReference Include="Comuns\unRegistro.pas">
            <Form>frmRegistro</Form>
        </DCCReference>
        <DCCReference Include="Comuns\unRenovaChave.pas">
            <Form>frmRenovaChave</Form>
        </DCCReference>
        <DCCReference Include="Comuns\unSelecionaCaixa.pas">
            <Form>frmSelecionaCaixa</Form>
        </DCCReference>
        <DCCReference Include="Comuns\unSetupConnection.pas">
            <Form>frmSetupConnection</Form>
        </DCCReference>
        <DCCReference Include="Cadastros\unCliente.pas">
            <Form>frmCliente</Form>
        </DCCReference>
        <DCCReference Include="Cadastros\unFornecedor.pas">
            <Form>frmFornecedor</Form>
        </DCCReference>
        <DCCReference Include="Cadastros\unListagemProdutos.pas">
            <Form>frmListagemProdutos</Form>
        </DCCReference>
        <DCCReference Include="Cadastros\unProduto.pas">
            <Form>frmProduto</Form>
        </DCCReference>
        <DCCReference Include="Cadastros\Relatorios\Prev\unPrevClienteAniver.pas">
            <Form>frmPrevClientesAniver</Form>
        </DCCReference>
        <DCCReference Include="Cadastros\Relatorios\Prev\unPrevEnvelopeClientes.pas">
            <Form>frmPrevEnvelopeCliente</Form>
        </DCCReference>
        <DCCReference Include="Cadastros\Relatorios\Prev\unPrevEtiquetaCliente.pas">
            <Form>frmPrevEtiquetaCliente</Form>
        </DCCReference>
        <DCCReference Include="Cadastros\Relatorios\Prev\unPrevEtiquetaProduto.pas">
            <Form>frmPrevEtiquetaProduto</Form>
        </DCCReference>
        <DCCReference Include="Cadastros\Relatorios\Prev\unPrevListagemClientes.pas">
            <Form>frmPrevListagemClientes</Form>
        </DCCReference>
        <DCCReference Include="Cadastros\Relatorios\Prev\unPrevProdutoEstoque.pas">
            <Form>frmPrevProdutoEstoque</Form>
        </DCCReference>
        <DCCReference Include="Cadastros\Relatorios\Prev\unPrevProdutoGrupo.pas">
            <Form>frmPrevProdutoGrupo</Form>
        </DCCReference>
        <DCCReference Include="Cadastros\Relatorios\Prev\unPrevProdutosVencimento.pas">
            <Form>frmPrevProdutosVencimento</Form>
        </DCCReference>
        <DCCReference Include="Cadastros\Relatorios\Prev\unPrevRelFornData.pas">
            <Form>frmPrevRelFornData</Form>
        </DCCReference>
        <DCCReference Include="Cadastros\Relatorios\unRelatorioAniversarioCliente.pas">
            <Form>frmRelatorioAniversarioCliente</Form>
        </DCCReference>
        <DCCReference Include="Cadastros\Relatorios\unRelatorioClienteCidade.pas">
            <Form>frmRelatorioClienteCidade</Form>
        </DCCReference>
        <DCCReference Include="Cadastros\Relatorios\unRelatorioClienteData.pas">
            <Form>frmRelatorioClienteData</Form>
        </DCCReference>
        <DCCReference Include="Cadastros\Relatorios\unRelatorioEtiquetaCliente.pas">
            <Form>frmRelatorioEtiquetaCliente</Form>
        </DCCReference>
        <DCCReference Include="Cadastros\Relatorios\unRelatorioFornecedorCidade.pas">
            <Form>frmRelatorioFornecedorCidade</Form>
        </DCCReference>
        <DCCReference Include="Cadastros\Relatorios\unRelatorioFornecedorData.pas">
            <Form>frmRelatorioFornecedorData</Form>
        </DCCReference>
        <DCCReference Include="Cadastros\Relatorios\unRelatorioListaPrecos.pas">
            <Form>frmRelatorioListaPrecos</Form>
        </DCCReference>
        <DCCReference Include="Cadastros\Relatorios\unRelatorioNovoAlterado.pas">
            <Form>frmRelatorioNovoAlterado</Form>
        </DCCReference>
        <DCCReference Include="Cadastros\Relatorios\unRelatorioProdutoEstMinForn.pas">
            <Form>frmRelatorioProdutoEstMinForn</Form>
        </DCCReference>
        <DCCReference Include="Cadastros\Relatorios\unRelatorioProdutoGrupo.pas">
            <Form>frmRelatorioProdutoGrupo</Form>
        </DCCReference>
        <DCCReference Include="Cadastros\Relatorios\unRelatorioProdutosEstoque.pas">
            <Form>frmRelatorioProdutosEstoque</Form>
        </DCCReference>
        <DCCReference Include="Cadastros\Relatorios\unRelatorioProdutoVencimento.pas">
            <Form>frmRelatorioProdutoVencimento</Form>
        </DCCReference>
        <DCCReference Include="Ajuda\unDicas.pas">
            <Form>frmDicas</Form>
        </DCCReference>
        <DCCReference Include="Ajuda\unSobre.pas">
            <Form>frmSobre</Form>
        </DCCReference>
        <DCCReference Include="..\Util\DataModule\udmBase.pas">
            <Form>dmBase</Form>
            <DesignClass>TDataModule</DesignClass>
        </DCCReference>
        <DCCReference Include="Padrao\uDmPesquisar.pas">
            <Form>DmPesquisar</Form>
            <DesignClass>TDataModule</DesignClass>
        </DCCReference>
        <DCCReference Include="Padrao\udmGeralBase.pas">
            <Form>dmGeralBase</Form>
            <DesignClass>TDataModule</DesignClass>
        </DCCReference>
        <DCCReference Include="Comuns\Dm\udmAcesso.pas">
            <Form>dmAcesso</Form>
            <DesignClass>TDataModule</DesignClass>
        </DCCReference>
        <DCCReference Include="Configuracoes\Relatorios\unPrevRelCFOPs.pas">
            <Form>frmPrevRelCFOPs</Form>
        </DCCReference>
        <None Include="ModelSupport_WSCD\default.txaPackage"/>
        <BuildConfiguration Include="Release">
            <Key>Cfg_2</Key>
            <CfgParent>Base</CfgParent>
        </BuildConfiguration>
        <BuildConfiguration Include="Base">
            <Key>Base</Key>
        </BuildConfiguration>
        <BuildConfiguration Include="Debug">
            <Key>Cfg_1</Key>
            <CfgParent>Base</CfgParent>
        </BuildConfiguration>
    </ItemGroup>
    <ProjectExtensions>
        <Borland.Personality>Delphi.Personality.12</Borland.Personality>
        <Borland.ProjectType/>
        <BorlandProject>
            <Delphi.Personality>
                <Source>
                    <Source Name="MainSource">WSCD.dpr</Source>
                </Source>
                <VersionInfo>
                    <VersionInfo Name="IncludeVerInfo">False</VersionInfo>
                    <VersionInfo Name="AutoIncBuild">False</VersionInfo>
                    <VersionInfo Name="MajorVer">1</VersionInfo>
                    <VersionInfo Name="MinorVer">0</VersionInfo>
                    <VersionInfo Name="Release">0</VersionInfo>
                    <VersionInfo Name="Build">0</VersionInfo>
                    <VersionInfo Name="Debug">False</VersionInfo>
                    <VersionInfo Name="PreRelease">False</VersionInfo>
                    <VersionInfo Name="Special">False</VersionInfo>
                    <VersionInfo Name="Private">False</VersionInfo>
                    <VersionInfo Name="DLL">False</VersionInfo>
                    <VersionInfo Name="Locale">1046</VersionInfo>
                    <VersionInfo Name="CodePage">1252</VersionInfo>
                </VersionInfo>
                <VersionInfoKeys>
                    <VersionInfoKeys Name="CompanyName"/>
                    <VersionInfoKeys Name="FileDescription"/>
                    <VersionInfoKeys Name="FileVersion">1.0.0.0</VersionInfoKeys>
                    <VersionInfoKeys Name="InternalName"/>
                    <VersionInfoKeys Name="LegalCopyright"/>
                    <VersionInfoKeys Name="LegalTrademarks"/>
                    <VersionInfoKeys Name="OriginalFilename"/>
                    <VersionInfoKeys Name="ProductName"/>
                    <VersionInfoKeys Name="ProductVersion">1.0.0.0</VersionInfoKeys>
                    <VersionInfoKeys Name="Comments"/>
                    <VersionInfoKeys Name="CFBundleName"/>
                    <VersionInfoKeys Name="CFBundleDisplayName"/>
                    <VersionInfoKeys Name="UIDeviceFamily"/>
                    <VersionInfoKeys Name="CFBundleIdentifier"/>
                    <VersionInfoKeys Name="CFBundleVersion"/>
                    <VersionInfoKeys Name="CFBundlePackageType"/>
                    <VersionInfoKeys Name="CFBundleSignature"/>
                    <VersionInfoKeys Name="CFBundleAllowMixedLocalizations"/>
                    <VersionInfoKeys Name="UISupportedInterfaceOrientations"/>
                    <VersionInfoKeys Name="CFBundleExecutable"/>
                    <VersionInfoKeys Name="CFBundleResourceSpecification"/>
                    <VersionInfoKeys Name="LSRequiresIPhoneOS"/>
                    <VersionInfoKeys Name="CFBundleInfoDictionaryVersion"/>
                    <VersionInfoKeys Name="CFBundleDevelopmentRegion"/>
                </VersionInfoKeys>
                <Excluded_Packages>
                    <Excluded_Packages Name="$(BDSBIN)\dcloffice2k190.bpl">Microsoft Office 2000 Sample Automation Server Wrapper Components</Excluded_Packages>
                    <Excluded_Packages Name="$(BDSBIN)\dclofficexp190.bpl">Microsoft Office XP Sample Automation Server Wrapper Components</Excluded_Packages>
                </Excluded_Packages>
            </Delphi.Personality>
            <Deployment/>
            <Platforms>
                <Platform value="Win32">True</Platform>
                <Platform value="Win64">True</Platform>
            </Platforms>
            <ModelSupport>False</ModelSupport>
        </BorlandProject>
        <ProjectFileVersion>12</ProjectFileVersion>
    </ProjectExtensions>
    <Import Project="$(BDS)\Bin\CodeGear.Delphi.Targets" Condition="Exists('$(BDS)\Bin\CodeGear.Delphi.Targets')"/>
    <Import Project="$(APPDATA)\Embarcadero\$(BDSAPPDATABASEDIR)\$(PRODUCTVERSION)\UserTools.proj" Condition="Exists('$(APPDATA)\Embarcadero\$(BDSAPPDATABASEDIR)\$(PRODUCTVERSION)\UserTools.proj')"/>
</Project>
